{
  "name": "blog-thumbnails",
  "lockfileVersion": 3,
  "requires": true,
  "packages": {
    "": {
      "name": "blog-thumbnails",
      "dependencies": {
        "@anthropic-ai/foundry-sdk": "^0.4.9",
        "@anthropic-ai/sdk": "^0.128.0",
        "sharp": "^0.35.5-rc.0",
        "zod": "^4.6.5"
      }
    },
    "node_modules/@anthropic-ai/foundry-sdk": {
      "version": "0.4.9",
      "resolved": "https://ms-feed-25.pkgs.visualstudio.com/1es-public/_packaging/npm-public/npm/registry/@anthropic-ai/foundry-sdk/-/foundry-sdk-0.4.9.tgz",
      "integrity": "sha512-+ZGzRT1pIhaxX4wro/op8ExGfBXXA9FLif4fKakTMTzLl5/ard6pPtboekhjE24Hp6dNQlLNOxl69X3X79xfUw==",
      "license": "MIT",
      "dependencies": {
        "@anthropic-ai/sdk": ">=0.115.1 <1"
      }
    },
    "node_modules/@anthropic-ai/sdk": {
      "version": "0.128.0",
      "resolved": "https://ms-feed-25.pkgs.visualstudio.com/1es-public/_packaging/npm-public/npm/registry/@anthropic-ai/sdk/-/sdk-0.128.0.tgz",
      "integrity": "sha512-tl5cBFZC1jVFrTuQyvQObA4WmuNgcYVeXfriqOumgtLAHUm4gPUj18YnszBW60v0PrjDB8nBDOC6wd9CmHQFlA==",
      "license": "MIT",
      "dependencies": {
        "json-schema-to-ts": "^3.1.1",
        "standardwebhooks": "^1.0.0"
      },
      "bin": {
        "anthropic-ai-sdk": "bin/cli"
      },
      "peerDependencies": {
        "zod": "^3.25.0 || ^4.0.0"
      },
      "peerDependenciesMeta": {
        "zod": {
          "optional": true
        }
      }
    },
    "node_modules/@babel/runtime": {
      "version": "7.29.7",
      "resolved": "https://ms-feed-25.pkgs.visualstudio.com/1es-public/_packaging/npm-public/npm/registry/@babel/runtime/-/runtime-7.29.7.tgz",
      "integrity": "sha1-EgIkUMRaTabY2Ch7GKT/Ldsj92g=",
      "license": "MIT",
      "engines": {
        "node": ">=6.9.0"
      }
    },
    "node_modules/@emnapi/runtime": {
      "version": "1.11.3",
      "resolved": "https://ms-feed-25.pkgs.visualstudio.com/1es-public/_packaging/npm-public/npm/registry/@emnapi/runtime/-/runtime-1.11.3.tgz",
      "integrity": "sha1-hCV647BTHrKuwf+iPXBwDaAHupU=",
      "license": "MIT",
      "optional": true,
      "dependencies": {
        "tslib": "^2.4.0"
      }
    },
    "node_modules/@img/colour": {
      "version": "1.1.0",
      "resolved": "https://ms-feed-25.pkgs.visualstudio.com/1es-public/_packaging/npm-public/npm/registry/@img/colour/-/colour-1.1.0.tgz",
      "integrity": "sha1-sMLC+mYa33Xv/WtJZEl82AAQu50=",
      "license": "MIT",
      "engines": {
        "node": ">=18"
      }
    },
    "node_modules/@img/sharp-darwin-arm64": {
      "version": "0.35.5-rc.0",
      "resolved": "https://ms-feed-25.pkgs.visualstudio.com/1es-public/_packaging/npm-public/npm/registry/@img/sharp-darwin-arm64/-/sharp-darwin-arm64-0.35.5-rc.0.tgz",
      "integrity": "sha512-qb8DzXw75BSHd8NZGogDEzIT9NO5aCh5dpTjLC78S8/RMvEnt4KqbNWf1yWeS9Hs8BNHFgOrAnm5wjelKgW62Q==",
      "cpu": [
        "arm64"
      ],
      "license": "Apache-2.0",
      "optional": true,
      "os": [
        "darwin"
      ],
      "engines": {
        "node": ">=20.9.0"
      },
      "funding": {
        "url": "https://opencollective.com/libvips"
      },
      "optionalDependencies": {
        "@img/sharp-libvips-darwin-arm64": "1.3.4-rc.0"
      }
    },
    "node_modules/@img/sharp-darwin-x64": {
      "version": "0.35.5-rc.0",
      "resolved": "https://ms-feed-25.pkgs.visualstudio.com/1es-public/_packaging/npm-public/npm/registry/@img/sharp-darwin-x64/-/sharp-darwin-x64-0.35.5-rc.0.tgz",
      "integrity": "sha512-W9mv91WC0lshxkz+7m0TAhRuDRwd9jqfZU9EsVLj6zILyN0uqWkuhHROXA/x6Fs/CLW6RFHLbeyZP1ayIqi1Kw==",
      "cpu": [
        "x64"
      ],
      "license": "Apache-2.0",
      "optional": true,
      "os": [
        "darwin"
      ],
      "engines": {
        "node": ">=20.9.0"
      },
      "funding": {
        "url": "https://opencollective.com/libvips"
      },
      "optionalDependencies": {
        "@img/sharp-libvips-darwin-x64": "1.3.4-rc.0"
      }
    },
    "node_modules/@img/sharp-freebsd-wasm32": {
      "version": "0.35.5-rc.0",
      "resolved": "https://ms-feed-25.pkgs.visualstudio.com/1es-public/_packaging/npm-public/npm/registry/@img/sharp-freebsd-wasm32/-/sharp-freebsd-wasm32-0.35.5-rc.0.tgz",
      "integrity": "sha512-MQIzuRohOy666rVU6zFZr9qbQhC0rXrg0/oJTtN6m137hjp6+jHEdmLcS7N5PCEaHMR5/DWgl6N7U4gEOAp/FA==",
      "license": "Apache-2.0",
      "optional": true,
      "os": [
        "freebsd"
      ],
      "dependencies": {
        "@img/sharp-wasm32": "0.35.5-rc.0"
      },
      "engines": {
        "node": ">=20.9.0"
      },
      "funding": {
        "url": "https://opencollective.com/libvips"
      }
    },
    "node_modules/@img/sharp-libvips-darwin-arm64": {
      "version": "1.3.4-rc.0",
      "resolved": "https://ms-feed-25.pkgs.visualstudio.com/1es-public/_packaging/npm-public/npm/registry/@img/sharp-libvips-darwin-arm64/-/sharp-libvips-darwin-arm64-1.3.4-rc.0.tgz",
      "integrity": "sha512-4bBcz4cTmIQNASn9LakqvzGUP19BD9ccex7sjuKbGkTvKFuDBsBMKZgW7abIMhjEfC7TzEDl2l3+8sxcJrVK1g==",
      "cpu": [
        "arm64"
      ],
      "license": "LGPL-3.0-or-later",
      "optional": true,
      "os": [
        "darwin"
      ],
      "funding": {
        "url": "https://opencollective.com/libvips"
      }
    },
    "node_modules/@img/sharp-libvips-darwin-x64": {
      "version": "1.3.4-rc.0",
      "resolved": "https://ms-feed-25.pkgs.visualstudio.com/1es-public/_packaging/npm-public/npm/registry/@img/sharp-libvips-darwin-x64/-/sharp-libvips-darwin-x64-1.3.4-rc.0.tgz",
      "integrity": "sha512-MF9+apr1oqryJ275VAYttGrGpD0/CwnfU/AJ6yhzAbb8aPIg+gzm/CWA+hTRjYsNoRToTdSXbQgSMadQcmBYBA==",
      "cpu": [
        "x64"
      ],
      "license": "LGPL-3.0-or-later",
      "optional": true,
      "os": [
        "darwin"
      ],
      "funding": {
        "url": "https://opencollective.com/libvips"
      }
    },
    "node_modules/@img/sharp-libvips-linux-arm": {
      "version": "1.3.4-rc.0",
      "resolved": "https://ms-feed-25.pkgs.visualstudio.com/1es-public/_packaging/npm-public/npm/registry/@img/sharp-libvips-linux-arm/-/sharp-libvips-linux-arm-1.3.4-rc.0.tgz",
      "integrity": "sha512-94dt/fC5REhe/nJf0/DytvbNSGECMxzPywNLZ3+s0P5JYjCWTZTXL5vkMHwvihpYvkXS5olpdig+TcAWjc21PA==",
      "cpu": [
        "arm"
      ],
      "libc": [
        "glibc"
      ],
      "license": "LGPL-3.0-or-later",
      "optional": true,
      "os": [
        "linux"
      ],
      "funding": {
        "url": "https://opencollective.com/libvips"
      }
    },
    "node_modules/@img/sharp-libvips-linux-arm64": {
      "version": "1.3.4-rc.0",
      "resolved": "https://ms-feed-25.pkgs.visualstudio.com/1es-public/_packaging/npm-public/npm/registry/@img/sharp-libvips-linux-arm64/-/sharp-libvips-linux-arm64-1.3.4-rc.0.tgz",
      "integrity": "sha512-Y3uCLZCjlEG4QbJC4nAXnoPBiiKs70TeyEe2JOQVp4Pq3z9nx0u/uezV6SS3RlQ+EmVg0bkN3QhapdS7F9lGGQ==",
      "cpu": [
        "arm64"
      ],
      "libc": [
        "glibc"
      ],
      "license": "LGPL-3.0-or-later",
      "optional": true,
      "os": [
        "linux"
      ],
      "funding": {
        "url": "https://opencollective.com/libvips"
      }
    },
    "node_modules/@img/sharp-libvips-linux-ppc64": {
      "version": "1.3.4-rc.0",
      "resolved": "https://ms-feed-25.pkgs.visualstudio.com/1es-public/_packaging/npm-public/npm/registry/@img/sharp-libvips-linux-ppc64/-/sharp-libvips-linux-ppc64-1.3.4-rc.0.tgz",
      "integrity": "sha512-UfXz7ehn4xdd/KXvBq+YO2mxsF7r5QEBoClQ6dAUWJ86XvH7nUUNe1VLLhRKh71n9MwqtKFs0DHt5MdU3cNrFA==",
      "cpu": [
        "ppc64"
      ],
      "libc": [
        "glibc"
      ],
      "license": "LGPL-3.0-or-later",
      "optional": true,
      "os": [
        "linux"
      ],
      "funding": {
        "url": "https://opencollective.com/libvips"
      }
    },
    "node_modules/@img/sharp-libvips-linux-riscv64": {
      "version": "1.3.4-rc.0",
      "resolved": "https://ms-feed-25.pkgs.visualstudio.com/1es-public/_packaging/npm-public/npm/registry/@img/sharp-libvips-linux-riscv64/-/sharp-libvips-linux-riscv64-1.3.4-rc.0.tgz",
      "integrity": "sha512-SZ/Ir2hLMyoGaV0A2B6yVQeHn3uGwR43oMHU6W8czWMJPqzgTNbtKxKNMl7N3PJoXi7A2PwPKyLPZm1WxxhgJA==",
      "cpu": [
        "riscv64"
      ],
      "libc": [
        "glibc"
      ],
      "license": "LGPL-3.0-or-later",
      "optional": true,
      "os": [
        "linux"
      ],
      "funding": {
        "url": "https://opencollective.com/libvips"
      }
    },
    "node_modules/@img/sharp-libvips-linux-s390x": {
      "version": "1.3.4-rc.0",
      "resolved": "https://ms-feed-25.pkgs.visualstudio.com/1es-public/_packaging/npm-public/npm/registry/@img/sharp-libvips-linux-s390x/-/sharp-libvips-linux-s390x-1.3.4-rc.0.tgz",
      "integrity": "sha512-PlNNsjfRuh4SrmLZq0LxPPl4P/ye/DauqAj3JqxzSG8+HRQID7QLXQT7TajmaoYhR1FTEExIojJpVh7J3JDVjQ==",
      "cpu": [
        "s390x"
      ],
      "libc": [
        "glibc"
      ],
      "license": "LGPL-3.0-or-later",
      "optional": true,
      "os": [
        "linux"
      ],
      "funding": {
        "url": "https://opencollective.com/libvips"
      }
    },
    "node_modules/@img/sharp-libvips-linux-x64": {
      "version": "1.3.4-rc.0",
      "resolved": "https://ms-feed-25.pkgs.visualstudio.com/1es-public/_packaging/npm-public/npm/registry/@img/sharp-libvips-linux-x64/-/sharp-libvips-linux-x64-1.3.4-rc.0.tgz",
      "integrity": "sha512-BNqMwbPOKUzLR5m6ITsA+/g8G2Ckx46s5XAEtjQ2G2NAh79TBoKeDZ514msbgT6JqN60ggrT2rMt1t38r9KloA==",
      "cpu": [
        "x64"
      ],
      "libc": [
        "glibc"
      ],
      "license": "LGPL-3.0-or-later",
      "optional": true,
      "os": [
        "linux"
      ],
      "funding": {
        "url": "https://opencollective.com/libvips"
      }
    },
    "node_modules/@img/sharp-libvips-linuxmusl-arm64": {
      "version": "1.3.4-rc.0",
      "resolved": "https://ms-feed-25.pkgs.visualstudio.com/1es-public/_packaging/npm-public/npm/registry/@img/sharp-libvips-linuxmusl-arm64/-/sharp-libvips-linuxmusl-arm64-1.3.4-rc.0.tgz",
      "integrity": "sha512-Z4DOQkJzOVgdsOg/V6SCkYXMZARYWtzo4PNraBAScUvAn1YFM1cRzAoYPnP6c7f6QHS/vBeFFUVoOZnDn1VNCQ==",
      "cpu": [
        "arm64"
      ],
      "libc": [
        "musl"
      ],
      "license": "LGPL-3.0-or-later",
      "optional": true,
      "os": [
        "linux"
      ],
      "funding": {
        "url": "https://opencollective.com/libvips"
      }
    },
    "node_modules/@img/sharp-libvips-linuxmusl-x64": {
      "version": "1.3.4-rc.0",
      "resolved": "https://ms-feed-25.pkgs.visualstudio.com/1es-public/_packaging/npm-public/npm/registry/@img/sharp-libvips-linuxmusl-x64/-/sharp-libvips-linuxmusl-x64-1.3.4-rc.0.tgz",
      "integrity": "sha512-sN6q7IHmHVuTZXudVqDlES7bfoDlyLk/okoVsaPksrHYop8hR1KOPXeH1SsJg3G9td2GLiXbb9/jLiov8i4fog==",
      "cpu": [
        "x64"
      ],
      "libc": [
        "musl"
      ],
      "license": "LGPL-3.0-or-later",
      "optional": true,
      "os": [
        "linux"
      ],
      "funding": {
        "url": "https://opencollective.com/libvips"
      }
    },
    "node_modules/@img/sharp-linux-arm": {
      "version": "0.35.5-rc.0",
      "resolved": "https://ms-feed-25.pkgs.visualstudio.com/1es-public/_packaging/npm-public/npm/registry/@img/sharp-linux-arm/-/sharp-linux-arm-0.35.5-rc.0.tgz",
      "integrity": "sha512-c6IFTK8u2Ha7IHxsmy2Xy1r8ZA8t3ctcN3AAPs2rl8UdjErmUv0qhteUKfhL6uBUTBEof6NQfkWI/5OkMgah8g==",
      "cpu": [
        "arm"
      ],
      "libc": [
        "glibc"
      ],
      "license": "Apache-2.0",
      "optional": true,
      "os": [
        "linux"
      ],
      "engines": {
        "node": ">=20.9.0"
      },
      "funding": {
        "url": "https://opencollective.com/libvips"
      },
      "optionalDependencies": {
        "@img/sharp-libvips-linux-arm": "1.3.4-rc.0"
      }
    },
    "node_modules/@img/sharp-linux-arm64": {
      "version": "0.35.5-rc.0",
      "resolved": "https://ms-feed-25.pkgs.visualstudio.com/1es-public/_packaging/npm-public/npm/registry/@img/sharp-linux-arm64/-/sharp-linux-arm64-0.35.5-rc.0.tgz",
      "integrity": "sha512-4L2OBlbsUInjFgnVZAPdwOxto3rsPKxfm20Uok4rBOiLFwlpa9KAlFK1pYArjVvFV3e1o5GC8a/9pRgT8yqqkw==",
      "cpu": [
        "arm64"
      ],
      "libc": [
        "glibc"
      ],
      "license": "Apache-2.0",
      "optional": true,
      "os": [
        "linux"
      ],
      "engines": {
        "node": ">=20.9.0"
      },
      "funding": {
        "url": "https://opencollective.com/libvips"
      },
      "optionalDependencies": {
        "@img/sharp-libvips-linux-arm64": "1.3.4-rc.0"
      }
    },
    "node_modules/@img/sharp-linux-ppc64": {
      "version": "0.35.5-rc.0",
      "resolved": "https://ms-feed-25.pkgs.visualstudio.com/1es-public/_packaging/npm-public/npm/registry/@img/sharp-linux-ppc64/-/sharp-linux-ppc64-0.35.5-rc.0.tgz",
      "integrity": "sha512-OEV3pdf3D5aKKdkGW0gerbQDe1aXXwKEQWvM0TrGP0UMGkk/89nMfxsc2pXO/dkovpPWAhRgbielsmcDnnAOjQ==",
      "cpu": [
        "ppc64"
      ],
      "libc": [
        "glibc"
      ],
      "license": "Apache-2.0",
      "optional": true,
      "os": [
        "linux"
      ],
      "engines": {
        "node": ">=20.9.0"
      },
      "funding": {
        "url": "https://opencollective.com/libvips"
      },
      "optionalDependencies": {
        "@img/sharp-libvips-linux-ppc64": "1.3.4-rc.0"
      }
    },
    "node_modules/@img/sharp-linux-riscv64": {
      "version": "0.35.5-rc.0",
      "resolved": "https://ms-feed-25.pkgs.visualstudio.com/1es-public/_packaging/npm-public/npm/registry/@img/sharp-linux-riscv64/-/sharp-linux-riscv64-0.35.5-rc.0.tgz",
      "integrity": "sha512-6y/mADtlLp89PMO4XGos72c4BmQ9g/M07S9gE6ZD98C8xBrGAtzUURKj6vN3uj1U6QTxesRB+b9q3WnOxq/bDA==",
      "cpu": [
        "riscv64"
      ],
      "libc": [
        "glibc"
      ],
      "license": "Apache-2.0",
      "optional": true,
      "os": [
        "linux"
      ],
      "engines": {
        "node": ">=20.9.0"
      },
      "funding": {
        "url": "https://opencollective.com/libvips"
      },
      "optionalDependencies": {
        "@img/sharp-libvips-linux-riscv64": "1.3.4-rc.0"
      }
    },
    "node_modules/@img/sharp-linux-s390x": {
      "version": "0.35.5-rc.0",
      "resolved": "https://ms-feed-25.pkgs.visualstudio.com/1es-public/_packaging/npm-public/npm/registry/@img/sharp-linux-s390x/-/sharp-linux-s390x-0.35.5-rc.0.tgz",
      "integrity": "sha512-0oieYyEK5XL4OO2fL18r73fTZ1xIMEfiVhDoG0NY63FmDQmyT6x2TCaFvTj8QnqSKif23V74N+CSVizXJ///Pg==",
      "cpu": [
        "s390x"
      ],
      "libc": [
        "glibc"
      ],
      "license": "Apache-2.0",
      "optional": true,
      "os": [
        "linux"
      ],
      "engines": {
        "node": ">=20.9.0"
      },
      "funding": {
        "url": "https://opencollective.com/libvips"
      },
      "optionalDependencies": {
        "@img/sharp-libvips-linux-s390x": "1.3.4-rc.0"
      }
    },
    "node_modules/@img/sharp-linux-x64": {
      "version": "0.35.5-rc.0",
      "resolved": "https://ms-feed-25.pkgs.visualstudio.com/1es-public/_packaging/npm-public/npm/registry/@img/sharp-linux-x64/-/sharp-linux-x64-0.35.5-rc.0.tgz",
      "integrity": "sha512-7s3LThqRePptMHd+ETARPnc2K77/ME12cgog/IvfmdN6d8Du2JRUFnxyFeQK5ghnRGr3v2jh2KyspBJe/fTFdA==",
      "cpu": [
        "x64"
      ],
      "libc": [
        "glibc"
      ],
      "license": "Apache-2.0",
      "optional": true,
      "os": [
        "linux"
      ],
      "engines": {
        "node": ">=20.9.0"
      },
      "funding": {
        "url": "https://opencollective.com/libvips"
      },
      "optionalDependencies": {
        "@img/sharp-libvips-linux-x64": "1.3.4-rc.0"
      }
    },
    "node_modules/@img/sharp-linuxmusl-arm64": {
      "version": "0.35.5-rc.0",
      "resolved": "https://ms-feed-25.pkgs.visualstudio.com/1es-public/_packaging/npm-public/npm/registry/@img/sharp-linuxmusl-arm64/-/sharp-linuxmusl-arm64-0.35.5-rc.0.tgz",
      "integrity": "sha512-ing1a2ikQVQmtLFXSJTZhDDZeLQ0GrgjH6zslzUYa9ABMRBPiS904B2+NxsO2WyuBB5eZP1OOHDM/MZt10kM4Q==",
      "cpu": [
        "arm64"
      ],
      "libc": [
        "musl"
      ],
      "license": "Apache-2.0",
      "optional": true,
      "os": [
        "linux"
      ],
      "engines": {
        "node": ">=20.9.0"
      },
      "funding": {
        "url": "https://opencollective.com/libvips"
      },
      "optionalDependencies": {
        "@img/sharp-libvips-linuxmusl-arm64": "1.3.4-rc.0"
      }
    },
    "node_modules/@img/sharp-linuxmusl-x64": {
      "version": "0.35.5-rc.0",
      "resolved": "https://ms-feed-25.pkgs.visualstudio.com/1es-public/_packaging/npm-public/npm/registry/@img/sharp-linuxmusl-x64/-/sharp-linuxmusl-x64-0.35.5-rc.0.tgz",
      "integrity": "sha512-dJlV3MHFo13JZXYlmW59aj7i8FY5PUqMSxn4H3DPQsMu52NmPVlIHUMM07BOU2fnqC1E8DOf5BmxLvUy1/ftBw==",
      "cpu": [
        "x64"
      ],
      "libc": [
        "musl"
      ],
      "license": "Apache-2.0",
      "optional": true,
      "os": [
        "linux"
      ],
      "engines": {
        "node": ">=20.9.0"
      },
      "funding": {
        "url": "https://opencollective.com/libvips"
      },
      "optionalDependencies": {
        "@img/sharp-libvips-linuxmusl-x64": "1.3.4-rc.0"
      }
    },
    "node_modules/@img/sharp-wasm32": {
      "version": "0.35.5-rc.0",
      "resolved": "https://ms-feed-25.pkgs.visualstudio.com/1es-public/_packaging/npm-public/npm/registry/@img/sharp-wasm32/-/sharp-wasm32-0.35.5-rc.0.tgz",
      "integrity": "sha512-IiZv2n4LHAp42lg8gXiOBV4FstRd34aRgojbxh+vmW7F8cCnFOz6AuV9SqWUmYQ7LwRhQt49TINgwcs604BYQQ==",
      "license": "Apache-2.0 AND LGPL-3.0-or-later AND MIT",
      "optional": true,
      "dependencies": {
        "@emnapi/runtime": "^1.11.3"
      },
      "engines": {
        "node": ">=20.9.0"
      },
      "funding": {
        "url": "https://opencollective.com/libvips"
      }
    },
    "node_modules/@img/sharp-webcontainers-wasm32": {
      "version": "0.35.5-rc.0",
      "resolved": "https://ms-feed-25.pkgs.visualstudio.com/1es-public/_packaging/npm-public/npm/registry/@img/sharp-webcontainers-wasm32/-/sharp-webcontainers-wasm32-0.35.5-rc.0.tgz",
      "integrity": "sha512-JFwXRWbuGj5paxwQAFK89WGTWXlwKYRLu1FknfH/6cEPZcalIaQioZ7T6+RQMDqLmbEwfalnjyb9P90Rv0txKw==",
      "cpu": [
        "wasm32"
      ],
      "license": "Apache-2.0",
      "optional": true,
      "dependencies": {
        "@img/sharp-wasm32": "0.35.5-rc.0"
      },
      "engines": {
        "node": ">=20.9.0"
      },
      "funding": {
        "url": "https://opencollective.com/libvips"
      }
    },
    "node_modules/@img/sharp-win32-arm64": {
      "version": "0.35.5-rc.0",
      "resolved": "https://ms-feed-25.pkgs.visualstudio.com/1es-public/_packaging/npm-public/npm/registry/@img/sharp-win32-arm64/-/sharp-win32-arm64-0.35.5-rc.0.tgz",
      "integrity": "sha512-ov/q/K5CX+dTw1BRbiQnB/F0DHmkowVPpWfILgT9vktt2evvZYsSiBadLpWpBD2Ig56hkToIS5BAiwpJ5gmSvQ==",
      "cpu": [
        "arm64"
      ],
      "license": "Apache-2.0 AND LGPL-3.0-or-later",
      "optional": true,
      "os": [
        "win32"
      ],
      "engines": {
        "node": ">=20.9.0"
      },
      "funding": {
        "url": "https://opencollective.com/libvips"
      }
    },
    "node_modules/@img/sharp-win32-ia32": {
      "version": "0.35.5-rc.0",
      "resolved": "https://ms-feed-25.pkgs.visualstudio.com/1es-public/_packaging/npm-public/npm/registry/@img/sharp-win32-ia32/-/sharp-win32-ia32-0.35.5-rc.0.tgz",
      "integrity": "sha512-IzHX/DokVcg6Ky0MkzneL2xjZgfjd27p7GcO3qxjNeX01bgveqzxZPT19Dl0msKMPslbT4PKtBpE1uo/P6dwiA==",
      "cpu": [
        "ia32"
      ],
      "license": "Apache-2.0 AND LGPL-3.0-or-later",
      "optional": true,
      "os": [
        "win32"
      ],
      "engines": {
        "node": "^20.9.0"
      },
      "funding": {
        "url": "https://opencollective.com/libvips"
      }
    },
    "node_modules/@img/sharp-win32-x64": {
      "version": "0.35.5-rc.0",
      "resolved": "https://ms-feed-25.pkgs.visualstudio.com/1es-public/_packaging/npm-public/npm/registry/@img/sharp-win32-x64/-/sharp-win32-x64-0.35.5-rc.0.tgz",
      "integrity": "sha512-yKpU7bwJVK5dPF/ruG4+yvmJJ71iGDGYFv0cackrsmlMjsaXVlGMNmx4oCQIAICQf1NWz4Y7v175LxxcpoaIIQ==",
      "cpu": [
        "x64"
      ],
      "license": "Apache-2.0 AND LGPL-3.0-or-later",
      "optional": true,
      "os": [
        "win32"
      ],
      "engines": {
        "node": ">=20.9.0"
      },
      "funding": {
        "url": "https://opencollective.com/libvips"
      }
    },
    "node_modules/@stablelib/base64": {
      "version": "1.0.1",
      "resolved": "https://ms-feed-25.pkgs.visualstudio.com/1es-public/_packaging/npm-public/npm/registry/@stablelib/base64/-/base64-1.0.1.tgz",
      "integrity": "sha1-vfwcbTpi16O3u8ZbbM4btFYWQb4=",
      "license": "MIT"
    },
    "node_modules/detect-libc": {
      "version": "2.1.2",
      "resolved": "https://ms-feed-25.pkgs.visualstudio.com/1es-public/_packaging/npm-public/npm/registry/detect-libc/-/detect-libc-2.1.2.tgz",
      "integrity": "sha1-aJxdzcGQDvVYOky59te0c3QgdK0=",
      "license": "Apache-2.0",
      "engines": {
        "node": ">=8"
      }
    },
    "node_modules/fast-sha256": {
      "version": "1.3.0",
      "resolved": "https://ms-feed-25.pkgs.visualstudio.com/1es-public/_packaging/npm-public/npm/registry/fast-sha256/-/fast-sha256-1.3.0.tgz",
      "integrity": "sha1-eRa6IFTuslWYJgjMzQ9mYMebeuY=",
      "license": "Unlicense"
    },
    "node_modules/json-schema-to-ts": {
      "version": "3.1.1",
      "resolved": "https://ms-feed-25.pkgs.visualstudio.com/1es-public/_packaging/npm-public/npm/registry/json-schema-to-ts/-/json-schema-to-ts-3.1.1.tgz",
      "integrity": "sha1-gfOsr1o0c2SS9vX1GHDvns4cqFM=",
      "license": "MIT",
      "dependencies": {
        "@babel/runtime": "^7.18.3",
        "ts-algebra": "^2.0.0"
      },
      "engines": {
        "node": ">=16"
      }
    },
    "node_modules/semver": {
      "version": "7.8.5",
      "resolved": "https://ms-feed-25.pkgs.visualstudio.com/1es-public/_packaging/npm-public/npm/registry/semver/-/semver-7.8.5.tgz",
      "integrity": "sha1-ObZGA33VDBT7RR5+TKxY7YuGP2k=",
      "license": "ISC",
      "bin": {
        "semver": "bin/semver.js"
      },
      "engines": {
        "node": ">=10"
      }
    },
    "node_modules/sharp": {
      "version": "0.35.5-rc.0",
      "resolved": "https://ms-feed-25.pkgs.visualstudio.com/1es-public/_packaging/npm-public/npm/registry/sharp/-/sharp-0.35.5-rc.0.tgz",
      "integrity": "sha512-ifcdzA03IaS81h8SrLie0563muYYPYqlwcB4DuxqsgeGcI2iJBGTE4GXCP6U6NkupqTzwvuLyJ2RnoEGprK4yQ==",
      "license": "Apache-2.0",
      "dependencies": {
        "@img/colour": "^1.1.0",
        "detect-libc": "^2.1.2",
        "semver": "^7.8.5"
      },
      "engines": {
        "node": ">=20.9.0"
      },
      "funding": {
        "url": "https://opencollective.com/libvips"
      },
      "optionalDependencies": {
        "@img/sharp-darwin-arm64": "0.35.5-rc.0",
        "@img/sharp-darwin-x64": "0.35.5-rc.0",
        "@img/sharp-freebsd-wasm32": "0.35.5-rc.0",
        "@img/sharp-libvips-darwin-arm64": "1.3.4-rc.0",
        "@img/sharp-libvips-darwin-x64": "1.3.4-rc.0",
        "@img/sharp-libvips-linux-arm": "1.3.4-rc.0",
        "@img/sharp-libvips-linux-arm64": "1.3.4-rc.0",
        "@img/sharp-libvips-linux-ppc64": "1.3.4-rc.0",
        "@img/sharp-libvips-linux-riscv64": "1.3.4-rc.0",
        "@img/sharp-libvips-linux-s390x": "1.3.4-rc.0",
        "@img/sharp-libvips-linux-x64": "1.3.4-rc.0",
        "@img/sharp-libvips-linuxmusl-arm64": "1.3.4-rc.0",
        "@img/sharp-libvips-linuxmusl-x64": "1.3.4-rc.0",
        "@img/sharp-linux-arm": "0.35.5-rc.0",
        "@img/sharp-linux-arm64": "0.35.5-rc.0",
        "@img/sharp-linux-ppc64": "0.35.5-rc.0",
        "@img/sharp-linux-riscv64": "0.35.5-rc.0",
        "@img/sharp-linux-s390x": "0.35.5-rc.0",
        "@img/sharp-linux-x64": "0.35.5-rc.0",
        "@img/sharp-linuxmusl-arm64": "0.35.5-rc.0",
        "@img/sharp-linuxmusl-x64": "0.35.5-rc.0",
        "@img/sharp-webcontainers-wasm32": "0.35.5-rc.0",
        "@img/sharp-win32-arm64": "0.35.5-rc.0",
        "@img/sharp-win32-ia32": "0.35.5-rc.0",
        "@img/sharp-win32-x64": "0.35.5-rc.0"
      },
      "peerDependenciesMeta": {
        "@types/node": {
          "optional": true
        }
      }
    },
    "node_modules/standardwebhooks": {
      "version": "1.1.1",
      "resolved": "https://ms-feed-25.pkgs.visualstudio.com/1es-public/_packaging/npm-public/npm/registry/standardwebhooks/-/standardwebhooks-1.1.1.tgz",
      "integrity": "sha1-JbmPorvk7a17QneBNckjVj49Xi8=",
      "license": "MIT",
      "dependencies": {
        "@stablelib/base64": "^1.0.0",
        "fast-sha256": "^1.3.0"
      }
    },
    "node_modules/ts-algebra": {
      "version": "2.0.0",
      "resolved": "https://ms-feed-25.pkgs.visualstudio.com/1es-public/_packaging/npm-public/npm/registry/ts-algebra/-/ts-algebra-2.0.0.tgz",
      "integrity": "sha1-Tj4JU4ePJlGPzn9rsRUGSmU4i3o=",
      "license": "MIT"
    },
    "node_modules/tslib": {
      "version": "2.8.1",
      "resolved": "https://ms-feed-25.pkgs.visualstudio.com/1es-public/_packaging/npm-public/npm/registry/tslib/-/tslib-2.8.1.tgz",
      "integrity": "sha1-YS7+TtI11Wfoq6Xypfq3AoCt6D8=",
      "license": "0BSD",
      "optional": true
    },
    "node_modules/zod": {
      "version": "4.6.5",
      "resolved": "https://ms-feed-25.pkgs.visualstudio.com/1es-public/_packaging/npm-public/npm/registry/zod/-/zod-4.6.5.tgz",
      "integrity": "sha512-v5l/aFXZQeai4awLbOpSoHecE9UiMrnfx75tEXLjNonXVARxQ5mOeipTjROUchszUNCqnE+hqAMujRsRHsut2Q==",
      "license": "MIT",
      "funding": {
        "url": "https://github.com/sponsors/colinhacks"
      }
    }
  }
}
